
Microsoft Visual Studio Solution File, Format Version 12.00
# Visual Studio Version 17
VisualStudioVersion = 17.5.002.0
MinimumVisualStudioVersion = 10.0.40219.1
Project("{9A19103F-16F7-4668-BE54-9A1E7A4F7556}") = "dotnet7", "dotnet7.csproj", "{DF09402A-763A-44CC-8633-975B97ADBBA1}"
EndProject
Project("{9A19103F-16F7-4668-BE54-9A1E7A4F7556}") = "Model", "conditional-compile\Model\Model.csproj", "{B96A876D-0510-42AD-AF12-B435783231CE}"
EndProject
Project("{9A19103F-16F7-4668-BE54-9A1E7A4F7556}") = "ModelTest", "conditional-compileModelTest\ModelTest.csproj", "{EBD8EC46-0016-4FC8-9FBB-A68B02E424E6}"
EndProject
Global
	GlobalSection(SolutionConfigurationPlatforms) = preSolution
		Debug|Any CPU = Debug|Any CPU
		Release|Any CPU = Release|Any CPU
	EndGlobalSection
	GlobalSection(ProjectConfigurationPlatforms) = postSolution
		{DF09402A-763A-44CC-8633-975B97ADBBA1}.Debug|Any CPU.ActiveCfg = Debug|Any CPU
		{DF09402A-763A-44CC-8633-975B97ADBBA1}.Debug|Any CPU.Build.0 = Debug|Any CPU
		{DF09402A-763A-44CC-8633-975B97ADBBA1}.Release|Any CPU.ActiveCfg = Release|Any CPU
		{DF09402A-763A-44CC-8633-975B97ADBBA1}.Release|Any CPU.Build.0 = Release|Any CPU
		{B96A876D-0510-42AD-AF12-B435783231CE}.Debug|Any CPU.ActiveCfg = Debug|Any CPU
		{B96A876D-0510-42AD-AF12-B435783231CE}.Debug|Any CPU.Build.0 = Debug|Any CPU
		{B96A876D-0510-42AD-AF12-B435783231CE}.Release|Any CPU.ActiveCfg = Release|Any CPU
		{B96A876D-0510-42AD-AF12-B435783231CE}.Release|Any CPU.Build.0 = Release|Any CPU
		{EBD8EC46-0016-4FC8-9FBB-A68B02E424E6}.Debug|Any CPU.ActiveCfg = Debug|Any CPU
		{EBD8EC46-0016-4FC8-9FBB-A68B02E424E6}.Debug|Any CPU.Build.0 = Debug|Any CPU
		{EBD8EC46-0016-4FC8-9FBB-A68B02E424E6}.Release|Any CPU.ActiveCfg = Release|Any CPU
		{EBD8EC46-0016-4FC8-9FBB-A68B02E424E6}.Release|Any CPU.Build.0 = Release|Any CPU
	EndGlobalSection
	GlobalSection(SolutionProperties) = preSolution
		HideSolutionNode = FALSE
	EndGlobalSection
	GlobalSection(ExtensibilityGlobals) = postSolution
		SolutionGuid = {54193CFF-4DBC-4614-926C-E39CB1AC9DF1}
	EndGlobalSection
EndGlobal
